
Microsoft Visual Studio Solution File, Format Version 12.00
# Visual Studio 15
VisualStudioVersion = 15.0.26124.0
MinimumVisualStudioVersion = 15.0.26124.0
Project("{2150E333-8FDC-42A3-9474-1A3956D46DE8}") = "src", "src", "{89823A07-37C8-4641-B583-BC6A5E176098}"
EndProject
Project("{FAE04EC0-301F-11D3-BF4B-00C04F79EFBC}") = "Net.Quic.Quiche", "src\Net.Quic.Quiche\Net.Quic.Quiche.csproj", "{29F3CAE0-6BE7-4744-93EA-68F1636CB3E8}"
EndProject
Project("{FAE04EC0-301F-11D3-BF4B-00C04F79EFBC}") = "qrk", "src\qrk\qrk.csproj", "{F4F2EBF2-1F50-4BC4-A725-679CDE4A7229}"
EndProject
Global
	GlobalSection(SolutionConfigurationPlatforms) = preSolution
		Debug|Any CPU = Debug|Any CPU
		Debug|x64 = Debug|x64
		Debug|x86 = Debug|x86
		Release|Any CPU = Release|Any CPU
		Release|x64 = Release|x64
		Release|x86 = Release|x86
	EndGlobalSection
	GlobalSection(SolutionProperties) = preSolution
		HideSolutionNode = FALSE
	EndGlobalSection
	GlobalSection(ProjectConfigurationPlatforms) = postSolution
		{29F3CAE0-6BE7-4744-93EA-68F1636CB3E8}.Debug|Any CPU.ActiveCfg = Debug|Any CPU
		{29F3CAE0-6BE7-4744-93EA-68F1636CB3E8}.Debug|Any CPU.Build.0 = Debug|Any CPU
		{29F3CAE0-6BE7-4744-93EA-68F1636CB3E8}.Debug|x64.ActiveCfg = Debug|Any CPU
		{29F3CAE0-6BE7-4744-93EA-68F1636CB3E8}.Debug|x64.Build.0 = Debug|Any CPU
		{29F3CAE0-6BE7-4744-93EA-68F1636CB3E8}.Debug|x86.ActiveCfg = Debug|Any CPU
		{29F3CAE0-6BE7-4744-93EA-68F1636CB3E8}.Debug|x86.Build.0 = Debug|Any CPU
		{29F3CAE0-6BE7-4744-93EA-68F1636CB3E8}.Release|Any CPU.ActiveCfg = Release|Any CPU
		{29F3CAE0-6BE7-4744-93EA-68F1636CB3E8}.Release|Any CPU.Build.0 = Release|Any CPU
		{29F3CAE0-6BE7-4744-93EA-68F1636CB3E8}.Release|x64.ActiveCfg = Release|Any CPU
		{29F3CAE0-6BE7-4744-93EA-68F1636CB3E8}.Release|x64.Build.0 = Release|Any CPU
		{29F3CAE0-6BE7-4744-93EA-68F1636CB3E8}.Release|x86.ActiveCfg = Release|Any CPU
		{29F3CAE0-6BE7-4744-93EA-68F1636CB3E8}.Release|x86.Build.0 = Release|Any CPU
		{F4F2EBF2-1F50-4BC4-A725-679CDE4A7229}.Debug|Any CPU.ActiveCfg = Debug|Any CPU
		{F4F2EBF2-1F50-4BC4-A725-679CDE4A7229}.Debug|Any CPU.Build.0 = Debug|Any CPU
		{F4F2EBF2-1F50-4BC4-A725-679CDE4A7229}.Debug|x64.ActiveCfg = Debug|Any CPU
		{F4F2EBF2-1F50-4BC4-A725-679CDE4A7229}.Debug|x64.Build.0 = Debug|Any CPU
		{F4F2EBF2-1F50-4BC4-A725-679CDE4A7229}.Debug|x86.ActiveCfg = Debug|Any CPU
		{F4F2EBF2-1F50-4BC4-A725-679CDE4A7229}.Debug|x86.Build.0 = Debug|Any CPU
		{F4F2EBF2-1F50-4BC4-A725-679CDE4A7229}.Release|Any CPU.ActiveCfg = Release|Any CPU
		{F4F2EBF2-1F50-4BC4-A725-679CDE4A7229}.Release|Any CPU.Build.0 = Release|Any CPU
		{F4F2EBF2-1F50-4BC4-A725-679CDE4A7229}.Release|x64.ActiveCfg = Release|Any CPU
		{F4F2EBF2-1F50-4BC4-A725-679CDE4A7229}.Release|x64.Build.0 = Release|Any CPU
		{F4F2EBF2-1F50-4BC4-A725-679CDE4A7229}.Release|x86.ActiveCfg = Release|Any CPU
		{F4F2EBF2-1F50-4BC4-A725-679CDE4A7229}.Release|x86.Build.0 = Release|Any CPU
	EndGlobalSection
	GlobalSection(NestedProjects) = preSolution
		{29F3CAE0-6BE7-4744-93EA-68F1636CB3E8} = {89823A07-37C8-4641-B583-BC6A5E176098}
		{F4F2EBF2-1F50-4BC4-A725-679CDE4A7229} = {89823A07-37C8-4641-B583-BC6A5E176098}
	EndGlobalSection
EndGlobal
